
Microsoft Visual Studio Solution File, Format Version 12.00
# Visual Studio 15
VisualStudioVersion = 15.0.26403.7
MinimumVisualStudioVersion = 10.0.40219.1
Project("{2150E333-8FDC-42A3-9474-1A3956D46DE8}") = "src", "src", "{6B539086-EF62-4192-963D-F942CD1E7A7E}"
EndProject
Project("{2150E333-8FDC-42A3-9474-1A3956D46DE8}") = "test", "test", "{4BACEF66-A6DD-4347-8876-1324451783A4}"
EndProject
Project("{9A19103F-16F7-4668-BE54-9A1E7A4F7556}") = "IntegrationApi", "src\IntegrationApi\IntegrationApi.csproj", "{97556CE8-07DA-42B7-A01C-5BB514D6F0BC}"
EndProject
Project("{9A19103F-16F7-4668-BE54-9A1E7A4F7556}") = "IntegrationTest", "test\IntegrationTest\IntegrationTest.csproj", "{44FD75E9-5FFE-480F-AC81-7693743A1504}"
EndProject
Project("{2150E333-8FDC-42A3-9474-1A3956D46DE8}") = "Solution Items", "Solution Items", "{61E34317-1BF5-4873-82C9-A8842AE0B7C7}"
	ProjectSection(SolutionItems) = preProject
		.gitignore = .gitignore
		README.md = README.md
	EndProjectSection
EndProject
Global
	GlobalSection(SolutionConfigurationPlatforms) = preSolution
		Debug|Any CPU = Debug|Any CPU
		Release|Any CPU = Release|Any CPU
	EndGlobalSection
	GlobalSection(ProjectConfigurationPlatforms) = postSolution
		{97556CE8-07DA-42B7-A01C-5BB514D6F0BC}.Debug|Any CPU.ActiveCfg = Debug|Any CPU
		{97556CE8-07DA-42B7-A01C-5BB514D6F0BC}.Debug|Any CPU.Build.0 = Debug|Any CPU
		{97556CE8-07DA-42B7-A01C-5BB514D6F0BC}.Release|Any CPU.ActiveCfg = Release|Any CPU
		{97556CE8-07DA-42B7-A01C-5BB514D6F0BC}.Release|Any CPU.Build.0 = Release|Any CPU
		{44FD75E9-5FFE-480F-AC81-7693743A1504}.Debug|Any CPU.ActiveCfg = Debug|Any CPU
		{44FD75E9-5FFE-480F-AC81-7693743A1504}.Debug|Any CPU.Build.0 = Debug|Any CPU
		{44FD75E9-5FFE-480F-AC81-7693743A1504}.Release|Any CPU.ActiveCfg = Release|Any CPU
		{44FD75E9-5FFE-480F-AC81-7693743A1504}.Release|Any CPU.Build.0 = Release|Any CPU
	EndGlobalSection
	GlobalSection(SolutionProperties) = preSolution
		HideSolutionNode = FALSE
	EndGlobalSection
	GlobalSection(NestedProjects) = preSolution
		{97556CE8-07DA-42B7-A01C-5BB514D6F0BC} = {6B539086-EF62-4192-963D-F942CD1E7A7E}
		{44FD75E9-5FFE-480F-AC81-7693743A1504} = {4BACEF66-A6DD-4347-8876-1324451783A4}
	EndGlobalSection
EndGlobal
